<?xml version="1.0" encoding="utf-8"?>
<Project ToolsVersion="4.0" xmlns="http://schemas.microsoft.com/developer/msbuild/2003">
  <ItemGroup>
    <Filter Include="Resource Files">
      <UniqueIdentifier>{67DA6AB6-F800-4c08-8B7A-83BB121AAD01}</UniqueIdentifier>
      <Extensions>rc;ico;cur;bmp;dlg;rc2;rct;bin;rgs;gif;jpg;jpeg;jpe;resx;tiff;tif;png;wav;mfcribbon-ms</Extensions>
    </Filter>
    <Filter Include="Header">
      <UniqueIdentifier>{d8b46393-bb51-4b5e-bc62-646b9cf03ac3}</UniqueIdentifier>
    </Filter>
    <Filter Include="Source">
      <UniqueIdentifier>{a6a89b85-9e2c-4f2e-bd39-3b1abcc1d746}</UniqueIdentifier>
    </Filter>
  </ItemGroup>
  <ItemGroup>
    <ClCompile Include="main.cpp">
      <Filter>Source</Filter>
    </ClCompile>
    <ClCompile Include="source\GameService.cpp">
      <Filter>Source</Filter>
    </ClCompile>
    <ClCompile Include="source\UIHandler.cpp">
      <Filter>Source</Filter>
    </ClCompile>
    <ClCompile Include="source\GraphicHandler.cpp">
      <Filter>Source</Filter>
    </ClCompile>
    <ClCompile Include="source\SplashScreenUIController.cpp">
      <Filter>Source</Filter>
    </ClCompile>
    <ClCompile Include="source\MainMenuUIController.cpp">
      <Filter>Source</Filter>
    </ClCompile>
  </ItemGroup>
  <ItemGroup>
    <ClInclude Include="header\GameService.h">
      <Filter>Header</Filter>
    </ClInclude>
    <ClInclude Include="header\UIHandler.h">
      <Filter>Header</Filter>
    </ClInclude>
    <ClInclude Include="header\GraphicHandler.h">
      <Filter>Header</Filter>
    </ClInclude>
    <ClInclude Include="header\SplashScreenUIController.h">
      <Filter>Header</Filter>
    </ClInclude>
    <ClInclude Include="header\MainMenuUIController.h">
      <Filter>Header</Filter>
    </ClInclude>
  </ItemGroup>
</Project>