<?xml version="1.0" encoding="utf-8"?>
<Project ToolsVersion="4.0" xmlns="http://schemas.microsoft.com/developer/msbuild/2003">
  <ItemGroup>
    <Filter Include="Resource Files">
      <UniqueIdentifier>{67DA6AB6-F800-4c08-8B7A-83BB121AAD01}</UniqueIdentifier>
      <Extensions>rc;ico;cur;bmp;dlg;rc2;rct;bin;rgs;gif;jpg;jpeg;jpe;resx;tiff;tif;png;wav;mfcribbon-ms</Extensions>
    </Filter>
    <Filter Include="Header">
      <UniqueIdentifier>{d8b46393-bb51-4b5e-bc62-646b9cf03ac3}</UniqueIdentifier>
    </Filter>
    <Filter Include="Source">
      <UniqueIdentifier>{a6a89b85-9e2c-4f2e-bd39-3b1abcc1d746}</UniqueIdentifier>
    </Filter>
  </ItemGroup>
  <ItemGroup>
    <ClCompile Include="main.cpp">
      <Filter>Source</Filter>
    </ClCompile>
    <ClCompile Include="source\Main\GameService.cpp">
      <Filter>Source</Filter>
    </ClCompile>
    <ClCompile Include="source\UI\UIService.cpp">
      <Filter>Source</Filter>
    </ClCompile>
    <ClCompile Include="source\Graphics\GraphicService.cpp">
      <Filter>Source</Filter>
    </ClCompile>
    <ClCompile Include="source\UI\SplashScreen\SplashScreenUIController.cpp">
      <Filter>Source</Filter>
    </ClCompile>
    <ClCompile Include="source\UI\MainMenu\MainMenuUIController.cpp">
      <Filter>Source</Filter>
    </ClCompile>
    <ClCompile Include="source\Sound\SoundService.cpp">
      <Filter>Source</Filter>
    </ClCompile>
    <ClCompile Include="source\UI\Credits\CreditsScreenUIController.cpp" />
    <ClCompile Include="source\UI\Instructions\Instructions.cpp" />
  </ItemGroup>
  <ItemGroup>
    <ClInclude Include="header\Main\GameService.h">
      <Filter>Header</Filter>
    </ClInclude>
    <ClInclude Include="header\UI\UIService.h">
      <Filter>Header</Filter>
    </ClInclude>
    <ClInclude Include="header\Graphics\GraphicService.h">
      <Filter>Header</Filter>
    </ClInclude>
    <ClInclude Include="header\UI\SplashScreen\SplashScreenUIController.h">
      <Filter>Header</Filter>
    </ClInclude>
    <ClInclude Include="header\UI\MainMenu\MainMenuUIController.h">
      <Filter>Header</Filter>
    </ClInclude>
    <ClInclude Include="header\Sound\SoundService.h">
      <Filter>Header</Filter>
    </ClInclude>
    <ClInclude Include="header\UI\Credits\CreditsScreenUIController.h" />
    <ClInclude Include="header\UI\Instructions\Instructions.h" />
  </ItemGroup>
  <ItemGroup>
    <Media Include="assets\sounds\background_music.mp3" />
    <Media Include="assets\sounds\button_click_sound.wav">
      <Filter>Resource Files</Filter>
    </Media>
    <Media Include="assets\sounds\death.wav">
      <Filter>Resource Files</Filter>
    </Media>
    <Media Include="assets\sounds\jump.wav">
      <Filter>Resource Files</Filter>
    </Media>
    <Media Include="assets\sounds\level_complete.wav">
      <Filter>Resource Files</Filter>
    </Media>
    <Media Include="assets\sounds\move.wav">
      <Filter>Resource Files</Filter>
    </Media>
  </ItemGroup>
  <ItemGroup>
    <Image Include="assets\textures\array_jumper_bg.png">
      <Filter>Resource Files</Filter>
    </Image>
    <Image Include="assets\textures\box.png">
      <Filter>Resource Files</Filter>
    </Image>
    <Image Include="assets\textures\character.png">
      <Filter>Resource Files</Filter>
    </Image>
    <Image Include="assets\textures\instructions_button.png">
      <Filter>Resource Files</Filter>
    </Image>
    <Image Include="assets\textures\letter_one.png">
      <Filter>Resource Files</Filter>
    </Image>
    <Image Include="assets\textures\letter_three.png">
      <Filter>Resource Files</Filter>
    </Image>
    <Image Include="assets\textures\letter_two.png">
      <Filter>Resource Files</Filter>
    </Image>
    <Image Include="assets\textures\menu_button.png">
      <Filter>Resource Files</Filter>
    </Image>
    <Image Include="assets\textures\obstacle_01.png">
      <Filter>Resource Files</Filter>
    </Image>
    <Image Include="assets\textures\obstacle_02.png">
      <Filter>Resource Files</Filter>
    </Image>
    <Image Include="assets\textures\outscal_logo.png">
      <Filter>Resource Files</Filter>
    </Image>
    <Image Include="assets\textures\play_button.png">
      <Filter>Resource Files</Filter>
    </Image>
    <Image Include="assets\textures\quit_button.png">
      <Filter>Resource Files</Filter>
    </Image>
  </ItemGroup>
  <ItemGroup>
    <Font Include="assets\fonts\bubbleBobble.ttf" />
    <Font Include="assets\fonts\zorque.ttf" />
  </ItemGroup>
</Project>